
Microsoft Visual Studio Solution File, Format Version 12.00
# Visual Studio Version 17
VisualStudioVersion = 17.1.32319.34
MinimumVisualStudioVersion = 10.0.40219.1
Project("{FAE04EC0-301F-11D3-BF4B-00C04F79EFBC}") = "project.App", "project.App\project.App.csproj", "{1EFBDCA4-17B4-4180-9D99-740D3666018E}"
EndProject
Project("{FAE04EC0-301F-11D3-BF4B-00C04F79EFBC}") = "project.lib", "project.lib\project.lib.csproj", "{6CA7C001-14EB-4EF9-86F7-B3C2139BC6B8}"
EndProject
Global
	GlobalSection(SolutionConfigurationPlatforms) = preSolution
		Debug|Any CPU = Debug|Any CPU
		Release|Any CPU = Release|Any CPU
	EndGlobalSection
	GlobalSection(ProjectConfigurationPlatforms) = postSolution
		{1EFBDCA4-17B4-4180-9D99-740D3666018E}.Debug|Any CPU.ActiveCfg = Debug|Any CPU
		{1EFBDCA4-17B4-4180-9D99-740D3666018E}.Debug|Any CPU.Build.0 = Debug|Any CPU
		{1EFBDCA4-17B4-4180-9D99-740D3666018E}.Release|Any CPU.ActiveCfg = Release|Any CPU
		{1EFBDCA4-17B4-4180-9D99-740D3666018E}.Release|Any CPU.Build.0 = Release|Any CPU
		{6CA7C001-14EB-4EF9-86F7-B3C2139BC6B8}.Debug|Any CPU.ActiveCfg = Debug|Any CPU
		{6CA7C001-14EB-4EF9-86F7-B3C2139BC6B8}.Debug|Any CPU.Build.0 = Debug|Any CPU
		{6CA7C001-14EB-4EF9-86F7-B3C2139BC6B8}.Release|Any CPU.ActiveCfg = Release|Any CPU
		{6CA7C001-14EB-4EF9-86F7-B3C2139BC6B8}.Release|Any CPU.Build.0 = Release|Any CPU
	EndGlobalSection
	GlobalSection(SolutionProperties) = preSolution
		HideSolutionNode = FALSE
	EndGlobalSection
	GlobalSection(ExtensibilityGlobals) = postSolution
		SolutionGuid = {CED44675-B345-4843-97D4-7C48AEEAB687}
	EndGlobalSection
EndGlobal
